
Microsoft Visual Studio Solution File, Format Version 12.00
# Visual Studio Version 17
VisualStudioVersion = 17.5.33414.496
MinimumVisualStudioVersion = 10.0.40219.1
Project("{FAE04EC0-301F-11D3-BF4B-00C04F79EFBC}") = "webAPIASPNET", "webAPIASPNET.csproj", "{9A6EAB6A-4215-47D9-94FB-A1F211D096C3}"
EndProject
Global
	GlobalSection(SolutionConfigurationPlatforms) = preSolution
		Debug|Any CPU = Debug|Any CPU
		Release|Any CPU = Release|Any CPU
	EndGlobalSection
	GlobalSection(ProjectConfigurationPlatforms) = postSolution
		{9A6EAB6A-4215-47D9-94FB-A1F211D096C3}.Debug|Any CPU.ActiveCfg = Debug|Any CPU
		{9A6EAB6A-4215-47D9-94FB-A1F211D096C3}.Debug|Any CPU.Build.0 = Debug|Any CPU
		{9A6EAB6A-4215-47D9-94FB-A1F211D096C3}.Release|Any CPU.ActiveCfg = Release|Any CPU
		{9A6EAB6A-4215-47D9-94FB-A1F211D096C3}.Release|Any CPU.Build.0 = Release|Any CPU
	EndGlobalSection
	GlobalSection(SolutionProperties) = preSolution
		HideSolutionNode = FALSE
	EndGlobalSection
	GlobalSection(ExtensibilityGlobals) = postSolution
		SolutionGuid = {2A1E7F67-1BBD-4882-B689-85EC58346C61}
	EndGlobalSection
EndGlobal
